<?xml version="1.0" encoding="utf-8"?>
<Project ToolsVersion="4.0" xmlns="http://schemas.microsoft.com/developer/msbuild/2003">
  <ItemGroup>
    <ClCompile Include="Main.cpp" />
  </ItemGroup>
  <ItemGroup>
    <ClInclude Include="Arma.h">
      <Filter>encabezados</Filter>
    </ClInclude>
    <ClInclude Include="ArmaMelee.h">
      <Filter>encabezados</Filter>
    </ClInclude>
    <ClInclude Include="ArmaRange.h">
      <Filter>encabezados</Filter>
    </ClInclude>
    <ClInclude Include="Colisiones.h">
      <Filter>encabezados</Filter>
    </ClInclude>
    <ClInclude Include="derrota-victoria.h">
      <Filter>encabezados</Filter>
    </ClInclude>
    <ClInclude Include="Drop.h">
      <Filter>encabezados</Filter>
    </ClInclude>
    <ClInclude Include="Enemigo.h">
      <Filter>encabezados</Filter>
    </ClInclude>
    <ClInclude Include="Entidad.h">
      <Filter>encabezados</Filter>
    </ClInclude>
    <ClInclude Include="Gato.h">
      <Filter>encabezados</Filter>
    </ClInclude>
    <ClInclude Include="Interfaz.h">
      <Filter>encabezados</Filter>
    </ClInclude>
    <ClInclude Include="Jugador.h">
      <Filter>encabezados</Filter>
    </ClInclude>
    <ClInclude Include="lore.h">
      <Filter>encabezados</Filter>
    </ClInclude>
    <ClInclude Include="loreMayumi.h">
      <Filter>encabezados</Filter>
    </ClInclude>
    <ClInclude Include="matrices.h">
      <Filter>encabezados</Filter>
    </ClInclude>
    <ClInclude Include="misAsciiArt.h">
      <Filter>encabezados</Filter>
    </ClInclude>
    <ClInclude Include="misfunciones.h">
      <Filter>encabezados</Filter>
    </ClInclude>
    <ClInclude Include="Padre.h">
      <Filter>encabezados</Filter>
    </ClInclude>
    <ClInclude Include="Proyectil.h">
      <Filter>encabezados</Filter>
    </ClInclude>
    <ClInclude Include="Rata.h">
      <Filter>encabezados</Filter>
    </ClInclude>
    <ClInclude Include="GameManager.h">
      <Filter>encabezados</Filter>
    </ClInclude>
  </ItemGroup>
  <ItemGroup>
    <Filter Include="encabezados">
      <UniqueIdentifier>{9968503f-f532-4578-b173-e17f8a3c6d11}</UniqueIdentifier>
    </Filter>
  </ItemGroup>
</Project>